PODS:
  - audioplayers_darwin (0.0.1):
    - Flutter
  - CryptoSwift (1.8.3)
  - device_info_plus (0.0.1):
    - Flutter
  - DKImagePickerController/Core (4.3.9):
    - DKImagePickerController/ImageDataManager
    - DKImagePickerController/Resource
  - DKImagePickerController/ImageDataManager (4.3.9)
  - DKImagePickerController/PhotoGallery (4.3.9):
    - DKImagePickerController/Core
    - DKPhotoGallery
  - DKImagePickerController/Resource (4.3.9)
  - DKPhotoGallery (0.0.19):
    - DKPhotoGallery/Core (= 0.0.19)
    - DKPhotoGallery/Model (= 0.0.19)
    - DKPhotoGallery/Preview (= 0.0.19)
    - DKPhotoGallery/Resource (= 0.0.19)
    - SDWebImage
    - SwiftyGif
  - DKPhotoGallery/Core (0.0.19):
    - DKPhotoGallery/Model
    - DKPhotoGallery/Preview
    - SDWebImage
    - SwiftyGif
  - DKPhotoGallery/Model (0.0.19):
    - SDWebImage
    - SwiftyGif
  - DKPhotoGallery/Preview (0.0.19):
    - DKPhotoGallery/Model
    - DKPhotoGallery/Resource
    - SDWebImage
    - SwiftyGif
  - DKPhotoGallery/Resource (0.0.19):
    - SDWebImage
    - SwiftyGif
  - file_picker (0.0.1):
    - DKImagePickerController/PhotoGallery
    - Flutter
  - Flutter (1.0.0)
  - flutter_callkit_incoming_yoer (0.0.1):
    - CryptoSwift
    - Flutter
  - flutter_logs (0.0.1):
    - Flutter
    - ZIPFoundation
  - flutter_secure_storage (6.0.0):
    - Flutter
  - image_picker_ios (0.0.1):
    - Flutter
  - native_device_orientation (0.0.1):
    - Flutter
  - package_info_plus (0.4.5):
    - Flutter
  - path_provider_foundation (0.0.1):
    - Flutter
    - FlutterMacOS
  - permission_handler_apple (9.3.0):
    - Flutter
  - SDWebImage (5.20.0):
    - SDWebImage/Core (= 5.20.0)
  - SDWebImage/Core (5.20.0)
  - shared_preferences_foundation (0.0.1):
    - Flutter
    - FlutterMacOS
  - sqflite_darwin (0.0.4):
    - Flutter
    - FlutterMacOS
  - Stripe (23.30.0):
    - StripeApplePay (= 23.30.0)
    - StripeCore (= 23.30.0)
    - StripePayments (= 23.30.0)
    - StripePaymentsUI (= 23.30.0)
    - StripeUICore (= 23.30.0)
  - stripe_ios (0.0.1):
    - Flutter
    - Stripe (~> 23.30.0)
    - StripeApplePay (~> 23.30.0)
    - StripeFinancialConnections (~> 23.30.0)
    - StripePayments (~> 23.30.0)
    - StripePaymentSheet (~> 23.30.0)
    - StripePaymentsUI (~> 23.30.0)
  - StripeApplePay (23.30.0):
    - StripeCore (= 23.30.0)
  - StripeCore (23.30.0)
  - StripeFinancialConnections (23.30.0):
    - StripeCore (= 23.30.0)
    - StripeUICore (= 23.30.0)
  - StripePayments (23.30.0):
    - StripeCore (= 23.30.0)
    - StripePayments/Stripe3DS2 (= 23.30.0)
  - StripePayments/Stripe3DS2 (23.30.0):
    - StripeCore (= 23.30.0)
  - StripePaymentSheet (23.30.0):
    - StripeApplePay (= 23.30.0)
    - StripeCore (= 23.30.0)
    - StripePayments (= 23.30.0)
    - StripePaymentsUI (= 23.30.0)
  - StripePaymentsUI (23.30.0):
    - StripeCore (= 23.30.0)
    - StripePayments (= 23.30.0)
    - StripeUICore (= 23.30.0)
  - StripeUICore (23.30.0):
    - StripeCore (= 23.30.0)
  - SwiftyGif (5.4.5)
  - url_launcher_ios (0.0.1):
    - Flutter
  - vibration (1.7.5):
    - Flutter
  - video_player_avfoundation (0.0.1):
    - Flutter
    - FlutterMacOS
  - wakelock_plus (0.0.1):
    - Flutter
  - zego_callkit (1.0.0):
    - Flutter
  - zego_effects_plugin (0.0.1):
    - Flutter
    - ZegoEffects
  - zego_express_engine (3.18.0):
    - Flutter
  - zego_uikit (0.0.1):
    - Flutter
  - zego_uikit_beauty_plugin (0.0.1):
    - Flutter
    - zego_effects_plugin
    - zego_express_engine
  - zego_uikit_prebuilt_call (0.0.1):
    - Flutter
  - zego_uikit_signaling_plugin (0.0.1):
    - Flutter
  - zego_zim (2.17.1):
    - Flutter
    - ZIM (= 2.17.1)
  - zego_zim_audio (1.0.1):
    - Flutter
    - ZIMAudio (= 1.0.1)
  - zego_zimkit (0.0.1):
    - Flutter
  - zego_zpns (2.6.0):
    - Flutter
    - ZPNs (= 2.6.0)
  - ZegoEffects (2.0.2.1448)
  - ZIM (2.17.1)
  - ZIMAudio (1.0.1)
  - ZIPFoundation (0.9.19)
  - ZPNs (2.6.0)

DEPENDENCIES:
  - audioplayers_darwin (from `.symlinks/plugins/audioplayers_darwin/ios`)
  - device_info_plus (from `.symlinks/plugins/device_info_plus/ios`)
  - file_picker (from `.symlinks/plugins/file_picker/ios`)
  - Flutter (from `Flutter`)
  - flutter_callkit_incoming_yoer (from `.symlinks/plugins/flutter_callkit_incoming_yoer/ios`)
  - flutter_logs (from `.symlinks/plugins/flutter_logs/ios`)
  - flutter_secure_storage (from `.symlinks/plugins/flutter_secure_storage/ios`)
  - image_picker_ios (from `.symlinks/plugins/image_picker_ios/ios`)
  - native_device_orientation (from `.symlinks/plugins/native_device_orientation/ios`)
  - package_info_plus (from `.symlinks/plugins/package_info_plus/ios`)
  - path_provider_foundation (from `.symlinks/plugins/path_provider_foundation/darwin`)
  - permission_handler_apple (from `.symlinks/plugins/permission_handler_apple/ios`)
  - shared_preferences_foundation (from `.symlinks/plugins/shared_preferences_foundation/darwin`)
  - sqflite_darwin (from `.symlinks/plugins/sqflite_darwin/darwin`)
  - stripe_ios (from `.symlinks/plugins/stripe_ios/ios`)
  - url_launcher_ios (from `.symlinks/plugins/url_launcher_ios/ios`)
  - vibration (from `.symlinks/plugins/vibration/ios`)
  - video_player_avfoundation (from `.symlinks/plugins/video_player_avfoundation/darwin`)
  - wakelock_plus (from `.symlinks/plugins/wakelock_plus/ios`)
  - zego_callkit (from `.symlinks/plugins/zego_callkit/ios`)
  - zego_effects_plugin (from `.symlinks/plugins/zego_effects_plugin/ios`)
  - zego_express_engine (from `.symlinks/plugins/zego_express_engine/ios`)
  - zego_uikit (from `.symlinks/plugins/zego_uikit/ios`)
  - zego_uikit_beauty_plugin (from `.symlinks/plugins/zego_uikit_beauty_plugin/ios`)
  - zego_uikit_prebuilt_call (from `.symlinks/plugins/zego_uikit_prebuilt_call/ios`)
  - zego_uikit_signaling_plugin (from `.symlinks/plugins/zego_uikit_signaling_plugin/ios`)
  - zego_zim (from `.symlinks/plugins/zego_zim/ios`)
  - zego_zim_audio (from `.symlinks/plugins/zego_zim_audio/ios`)
  - zego_zimkit (from `.symlinks/plugins/zego_zimkit/ios`)
  - zego_zpns (from `.symlinks/plugins/zego_zpns/ios`)

SPEC REPOS:
  trunk:
    - CryptoSwift
    - DKImagePickerController
    - DKPhotoGallery
    - SDWebImage
    - Stripe
    - StripeApplePay
    - StripeCore
    - StripeFinancialConnections
    - StripePayments
    - StripePaymentSheet
    - StripePaymentsUI
    - StripeUICore
    - SwiftyGif
    - ZegoEffects
    - ZIM
    - ZIMAudio
    - ZIPFoundation
    - ZPNs

EXTERNAL SOURCES:
  audioplayers_darwin:
    :path: ".symlinks/plugins/audioplayers_darwin/ios"
  device_info_plus:
    :path: ".symlinks/plugins/device_info_plus/ios"
  file_picker:
    :path: ".symlinks/plugins/file_picker/ios"
  Flutter:
    :path: Flutter
  flutter_callkit_incoming_yoer:
    :path: ".symlinks/plugins/flutter_callkit_incoming_yoer/ios"
  flutter_logs:
    :path: ".symlinks/plugins/flutter_logs/ios"
  flutter_secure_storage:
    :path: ".symlinks/plugins/flutter_secure_storage/ios"
  image_picker_ios:
    :path: ".symlinks/plugins/image_picker_ios/ios"
  native_device_orientation:
    :path: ".symlinks/plugins/native_device_orientation/ios"
  package_info_plus:
    :path: ".symlinks/plugins/package_info_plus/ios"
  path_provider_foundation:
    :path: ".symlinks/plugins/path_provider_foundation/darwin"
  permission_handler_apple:
    :path: ".symlinks/plugins/permission_handler_apple/ios"
  shared_preferences_foundation:
    :path: ".symlinks/plugins/shared_preferences_foundation/darwin"
  sqflite_darwin:
    :path: ".symlinks/plugins/sqflite_darwin/darwin"
  stripe_ios:
    :path: ".symlinks/plugins/stripe_ios/ios"
  url_launcher_ios:
    :path: ".symlinks/plugins/url_launcher_ios/ios"
  vibration:
    :path: ".symlinks/plugins/vibration/ios"
  video_player_avfoundation:
    :path: ".symlinks/plugins/video_player_avfoundation/darwin"
  wakelock_plus:
    :path: ".symlinks/plugins/wakelock_plus/ios"
  zego_callkit:
    :path: ".symlinks/plugins/zego_callkit/ios"
  zego_effects_plugin:
    :path: ".symlinks/plugins/zego_effects_plugin/ios"
  zego_express_engine:
    :path: ".symlinks/plugins/zego_express_engine/ios"
  zego_uikit:
    :path: ".symlinks/plugins/zego_uikit/ios"
  zego_uikit_beauty_plugin:
    :path: ".symlinks/plugins/zego_uikit_beauty_plugin/ios"
  zego_uikit_prebuilt_call:
    :path: ".symlinks/plugins/zego_uikit_prebuilt_call/ios"
  zego_uikit_signaling_plugin:
    :path: ".symlinks/plugins/zego_uikit_signaling_plugin/ios"
  zego_zim:
    :path: ".symlinks/plugins/zego_zim/ios"
  zego_zim_audio:
    :path: ".symlinks/plugins/zego_zim_audio/ios"
  zego_zimkit:
    :path: ".symlinks/plugins/zego_zimkit/ios"
  zego_zpns:
    :path: ".symlinks/plugins/zego_zpns/ios"

SPEC CHECKSUMS:
  audioplayers_darwin: 877d9a4d06331c5c374595e46e16453ac7eafa40
  CryptoSwift: 967f37cea5a3294d9cce358f78861652155be483
  device_info_plus: bf2e3232933866d73fe290f2942f2156cdd10342
  DKImagePickerController: 946cec48c7873164274ecc4624d19e3da4c1ef3c
  DKPhotoGallery: b3834fecb755ee09a593d7c9e389d8b5d6deed60
  file_picker: 09aa5ec1ab24135ccd7a1621c46c84134bfd6655
  Flutter: e0871f40cf51350855a761d2e70bf5af5b9b5de7
  flutter_callkit_incoming_yoer: a5936b9f065762a7b422594028d3a20901c88996
  flutter_logs: 5d0dca26963e0f30b11a995a764744ef77d5d428
  flutter_secure_storage: d33dac7ae2ea08509be337e775f6b59f1ff45f12
  image_picker_ios: c560581cceedb403a6ff17f2f816d7fea1421fc1
  native_device_orientation: 348b10c346a60ebbc62fb235a4fdb5d1b61a8f55
  package_info_plus: c0502532a26c7662a62a356cebe2692ec5fe4ec4
  path_provider_foundation: 2b6b4c569c0fb62ec74538f866245ac84301af46
  permission_handler_apple: 9878588469a2b0d0fc1e048d9f43605f92e6cec2
  SDWebImage: 73c6079366fea25fa4bb9640d5fb58f0893facd8
  shared_preferences_foundation: fcdcbc04712aee1108ac7fda236f363274528f78
  sqflite_darwin: 5a7236e3b501866c1c9befc6771dfd73ffb8702d
  Stripe: 9757efc154de1d9615cbea4836d590bc4034d3a4
  stripe_ios: 4463f81157e91cbbf441e1b3fdf5edce90787491
  StripeApplePay: ca33933601302742623762157d587b79b942d073
  StripeCore: 2af250a2366ff2bbf64d4243c5f9bbf2a98b2aaf
  StripeFinancialConnections: 3ab1ef6182ec44e71c29e9a2100b663f9713ac20
  StripePayments: 658a16bd34d20c8185aa281866227b9e1743300e
  StripePaymentSheet: eac031f76d7fbb4f52df9b9c39be5be671ca4c07
  StripePaymentsUI: 7d7cffb2ecfc0d6b5ac3a4488c02893a5ff6cc77
  StripeUICore: bb102d453b1e1a10a37f810bc0a9aa0675fb17fd
  SwiftyGif: 706c60cf65fa2bc5ee0313beece843c8eb8194d4
  url_launcher_ios: 5334b05cef931de560670eeae103fd3e431ac3fe
  vibration: 7d883d141656a1c1a6d8d238616b2042a51a1241
  video_player_avfoundation: 7c6c11d8470e1675df7397027218274b6d2360b3
  wakelock_plus: 78ec7c5b202cab7761af8e2b2b3d0671be6c4ae1
  zego_callkit: 72593f46ed01779c4cee6bc65d2e0e1cde86b42c
  zego_effects_plugin: 65e7890846ef6fdde981ffb795f1ac7515a4ced2
  zego_express_engine: 0aca206c8b775854fd2277e8e54f8004b8cae492
  zego_uikit: 596cd6edd0e5162a9a1d1f7fec5a79fa8899fb7b
  zego_uikit_beauty_plugin: e84bfb8302bb2134b674fd3b753e659eca59c9a8
  zego_uikit_prebuilt_call: 13173d7a3c6dcc1695cbdff15d19463acd1ca39c
  zego_uikit_signaling_plugin: 7fdfcd9f796b591c9cb8770609f4fa85178aa40e
  zego_zim: cf219fc7c532d3f17ded0d379c2caa5b875f555a
  zego_zim_audio: 190066404322060cabefd8d7975d61ede985b239
  zego_zimkit: 47949b311127859b9b8d0fd6919b37037ce22e80
  zego_zpns: 282d9f9926ea5dff87efbafae8cf33fdada41f4f
  ZegoEffects: edea42ca918bb6e487b70a3977394d8b8a4ed188
  ZIM: f3ac70a6ddf0e2b70f2a2de29048ab67ce2875f6
  ZIMAudio: e1103d5645aa3d70e9491871b5fbf97e604fa3c6
  ZIPFoundation: b8c29ea7ae353b309bc810586181fd073cb3312c
  ZPNs: 73bad0046a74e37315201053f9a0e7ac625d9436

PODFILE CHECKSUM: a57f30d18f102dd3ce366b1d62a55ecbef2158e5

COCOAPODS: 1.16.2
